
Microsoft Visual Studio Solution File, Format Version 12.00
# Visual Studio Version 17
VisualStudioVersion = 17.13.35806.99 d17.13
MinimumVisualStudioVersion = 10.0.40219.1
Project("{8BC9CEB8-8B4A-11D0-8D11-00A0C91BC942}") = "Sandbox", "Sandbox\Sandbox.vcxproj", "{5C7F1A89-34AD-4C34-BADA-E3E825D7BF83}"
EndProject
Project("{8BC9CEB8-8B4A-11D0-8D11-00A0C91BC942}") = "TKEngine", "TKEngine\TKEngine.vcxproj", "{35271C6B-EB18-4BE4-BAFF-2A8458E09259}"
EndProject
Global
	GlobalSection(SolutionConfigurationPlatforms) = preSolution
		Debug|x64 = Debug|x64
		Release|x64 = Release|x64
	EndGlobalSection
	GlobalSection(ProjectConfigurationPlatforms) = postSolution
		{35271C6B-EB18-4BE4-BAFF-2A8458E09259}.Debug|x64.ActiveCfg = Debug|x64
		{35271C6B-EB18-4BE4-BAFF-2A8458E09259}.Debug|x64.Build.0 = Debug|x64
		{35271C6B-EB18-4BE4-BAFF-2A8458E09259}.Release|x64.ActiveCfg = Release|x64
		{35271C6B-EB18-4BE4-BAFF-2A8458E09259}.Release|x64.Build.0 = Release|x64
		{5C7F1A89-34AD-4C34-BADA-E3E825D7BF83}.Debug|x64.ActiveCfg = Debug|x64
		{5C7F1A89-34AD-4C34-BADA-E3E825D7BF83}.Debug|x64.Build.0 = Debug|x64
		{5C7F1A89-34AD-4C34-BADA-E3E825D7BF83}.Release|x64.ActiveCfg = Release|x64
		{5C7F1A89-34AD-4C34-BADA-E3E825D7BF83}.Release|x64.Build.0 = Release|x64
	EndGlobalSection
	GlobalSection(SolutionProperties) = preSolution
		HideSolutionNode = FALSE
	EndGlobalSection
	GlobalSection(ExtensibilityGlobals) = postSolution
		SolutionGuid = {2D6C0BC9-4247-49AF-AAAD-A1735BE4C9A2}
	EndGlobalSection
EndGlobal
