<?xml version="1.0" encoding="utf-8"?>
<Project ToolsVersion="4.0" xmlns="http://schemas.microsoft.com/developer/msbuild/2003">
  <ItemGroup>
    <Filter Include="TKEngine">
      <UniqueIdentifier>{7AB39137-6680-EC42-8F99-DAEA7BC521D1}</UniqueIdentifier>
    </Filter>
    <Filter Include="TKEngine\Events">
      <UniqueIdentifier>{1E721F55-8AFD-8C19-930E-100EFF18E919}</UniqueIdentifier>
    </Filter>
  </ItemGroup>
  <ItemGroup>
    <ClInclude Include="src\TK.h" />
    <ClInclude Include="src\TKEngine\Application.h">
      <Filter>TKEngine</Filter>
    </ClInclude>
    <ClInclude Include="src\TKEngine\Core.h">
      <Filter>TKEngine</Filter>
    </ClInclude>
    <ClInclude Include="src\TKEngine\EntryPoint.h">
      <Filter>TKEngine</Filter>
    </ClInclude>
    <ClInclude Include="src\TKEngine\Events\ApplicationEvent.h">
      <Filter>TKEngine\Events</Filter>
    </ClInclude>
    <ClInclude Include="src\TKEngine\Events\Event.h">
      <Filter>TKEngine\Events</Filter>
    </ClInclude>
    <ClInclude Include="src\TKEngine\Events\KeyEvent.h">
      <Filter>TKEngine\Events</Filter>
    </ClInclude>
    <ClInclude Include="src\TKEngine\Events\MouseEvent.h">
      <Filter>TKEngine\Events</Filter>
    </ClInclude>
    <ClInclude Include="src\TKEngine\Log.h">
      <Filter>TKEngine</Filter>
    </ClInclude>
  </ItemGroup>
  <ItemGroup>
    <ClCompile Include="src\TKEngine\Application.cpp">
      <Filter>TKEngine</Filter>
    </ClCompile>
    <ClCompile Include="src\TKEngine\Log.cpp">
      <Filter>TKEngine</Filter>
    </ClCompile>
  </ItemGroup>
</Project>